
Microsoft Visual Studio Solution File, Format Version 12.00
# Visual Studio 14
VisualStudioVersion = 14.0.23107.0
MinimumVisualStudioVersion = 10.0.40219.1
Project("{FAE04EC0-301F-11D3-BF4B-00C04F79EFBC}") = "SOCCHD", "SOCCHD\SOCCHD.csproj", "{C8FE5E09-9559-458E-8767-AFA6106F6F24}"
EndProject
Global
	GlobalSection(SolutionConfigurationPlatforms) = preSolution
		Debug|Any CPU = Debug|Any CPU
		Release|Any CPU = Release|Any CPU
	EndGlobalSection
	GlobalSection(ProjectConfigurationPlatforms) = postSolution
		{C8FE5E09-9559-458E-8767-AFA6106F6F24}.Debug|Any CPU.ActiveCfg = Debug|Any CPU
		{C8FE5E09-9559-458E-8767-AFA6106F6F24}.Debug|Any CPU.Build.0 = Debug|Any CPU
		{C8FE5E09-9559-458E-8767-AFA6106F6F24}.Release|Any CPU.ActiveCfg = Release|Any CPU
		{C8FE5E09-9559-458E-8767-AFA6106F6F24}.Release|Any CPU.Build.0 = Release|Any CPU
	EndGlobalSection
	GlobalSection(SolutionProperties) = preSolution
		HideSolutionNode = FALSE
	EndGlobalSection
EndGlobal
